
Microsoft Visual Studio Solution File, Format Version 12.00
# Visual Studio 15
VisualStudioVersion = 15.0.27130.2036
MinimumVisualStudioVersion = 10.0.40219.1
Project("{FAE04EC0-301F-11D3-BF4B-00C04F79EFBC}") = "RexCRy", "Crypter\RexCRy.csproj", "{10CD7C1C-E56D-4B1B-80DC-E4C496C5FEC5}"
EndProject
Global
	GlobalSection(SolutionConfigurationPlatforms) = preSolution
		Debug|Any CPU = Debug|Any CPU
		Release|Any CPU = Release|Any CPU
	EndGlobalSection
	GlobalSection(ProjectConfigurationPlatforms) = postSolution
		{10CD7C1C-E56D-4B1B-80DC-E4C496C5FEC5}.Debug|Any CPU.ActiveCfg = Debug|Any CPU
		{10CD7C1C-E56D-4B1B-80DC-E4C496C5FEC5}.Debug|Any CPU.Build.0 = Debug|Any CPU
		{10CD7C1C-E56D-4B1B-80DC-E4C496C5FEC5}.Release|Any CPU.ActiveCfg = Release|Any CPU
		{10CD7C1C-E56D-4B1B-80DC-E4C496C5FEC5}.Release|Any CPU.Build.0 = Release|Any CPU
	EndGlobalSection
	GlobalSection(SolutionProperties) = preSolution
		HideSolutionNode = FALSE
	EndGlobalSection
	GlobalSection(ExtensibilityGlobals) = postSolution
		SolutionGuid = {F7958DE8-65C0-43D3-9221-D9C59FFCC7C8}
	EndGlobalSection
EndGlobal
